
Microsoft Visual Studio Solution File, Format Version 12.00
# Visual Studio Version 17
VisualStudioVersion = 17.2.32616.157
MinimumVisualStudioVersion = 10.0.40219.1
Project("{FAE04EC0-301F-11D3-BF4B-00C04F79EFBC}") = "BookShop", "BookShop\BookShop.csproj", "{CD5A3ACD-9A98-44D7-A1D5-35A15BCACFB2}"
EndProject
Project("{FAE04EC0-301F-11D3-BF4B-00C04F79EFBC}") = "BookStore.Data", "BookStore.Data\BookStore.Data.csproj", "{D709117D-4D48-4D44-BC68-450D043F7C65}"
EndProject
Global
	GlobalSection(SolutionConfigurationPlatforms) = preSolution
		Debug|Any CPU = Debug|Any CPU
		Release|Any CPU = Release|Any CPU
	EndGlobalSection
	GlobalSection(ProjectConfigurationPlatforms) = postSolution
		{CD5A3ACD-9A98-44D7-A1D5-35A15BCACFB2}.Debug|Any CPU.ActiveCfg = Debug|Any CPU
		{CD5A3ACD-9A98-44D7-A1D5-35A15BCACFB2}.Debug|Any CPU.Build.0 = Debug|Any CPU
		{CD5A3ACD-9A98-44D7-A1D5-35A15BCACFB2}.Release|Any CPU.ActiveCfg = Release|Any CPU
		{CD5A3ACD-9A98-44D7-A1D5-35A15BCACFB2}.Release|Any CPU.Build.0 = Release|Any CPU
		{D709117D-4D48-4D44-BC68-450D043F7C65}.Debug|Any CPU.ActiveCfg = Debug|Any CPU
		{D709117D-4D48-4D44-BC68-450D043F7C65}.Debug|Any CPU.Build.0 = Debug|Any CPU
		{D709117D-4D48-4D44-BC68-450D043F7C65}.Release|Any CPU.ActiveCfg = Release|Any CPU
		{D709117D-4D48-4D44-BC68-450D043F7C65}.Release|Any CPU.Build.0 = Release|Any CPU
	EndGlobalSection
	GlobalSection(SolutionProperties) = preSolution
		HideSolutionNode = FALSE
	EndGlobalSection
	GlobalSection(ExtensibilityGlobals) = postSolution
		SolutionGuid = {E450C9E3-15DA-4ED9-9E8A-B8E30BE17CC2}
	EndGlobalSection
EndGlobal
